Microsoft Visual Studio Solution File, Format Version 12.00
# Visual Studio Version 16
VisualStudioVersion = 16.0.30114.105
MinimumVisualStudioVersion = 10.0.40219.1
Project("{FAE04EC0-301F-11D3-BF4B-00C04F79EFBC}") = "BYOCCore", "BYOCCore\BYOCCore.csproj", "{25741D6F-87B3-449A-ABE6-C95EF8A5BBC5}"
EndProject
Project("{FAE04EC0-301F-11D3-BF4B-00C04F79EFBC}") = "ConsoleUI", "ConsoleUI\ConsoleUI.csproj", "{14347FD5-65FD-4CB2-9A42-EEE468781EA5}"
EndProject
Global
	GlobalSection(SolutionConfigurationPlatforms) = preSolution
		Debug|Any CPU = Debug|Any CPU
		Debug|x64 = Debug|x64
		Debug|x86 = Debug|x86
		Release|Any CPU = Release|Any CPU
		Release|x64 = Release|x64
		Release|x86 = Release|x86
	EndGlobalSection
	GlobalSection(SolutionProperties) = preSolution
		HideSolutionNode = FALSE
	EndGlobalSection
	GlobalSection(ProjectConfigurationPlatforms) = postSolution
		{25741D6F-87B3-449A-ABE6-C95EF8A5BBC5}.Debug|Any CPU.ActiveCfg = Debug|Any CPU
		{25741D6F-87B3-449A-ABE6-C95EF8A5BBC5}.Debug|Any CPU.Build.0 = Debug|Any CPU
		{25741D6F-87B3-449A-ABE6-C95EF8A5BBC5}.Debug|x64.ActiveCfg = Debug|Any CPU
		{25741D6F-87B3-449A-ABE6-C95EF8A5BBC5}.Debug|x64.Build.0 = Debug|Any CPU
		{25741D6F-87B3-449A-ABE6-C95EF8A5BBC5}.Debug|x86.ActiveCfg = Debug|Any CPU
		{25741D6F-87B3-449A-ABE6-C95EF8A5BBC5}.Debug|x86.Build.0 = Debug|Any CPU
		{25741D6F-87B3-449A-ABE6-C95EF8A5BBC5}.Release|Any CPU.ActiveCfg = Release|Any CPU
		{25741D6F-87B3-449A-ABE6-C95EF8A5BBC5}.Release|Any CPU.Build.0 = Release|Any CPU
		{25741D6F-87B3-449A-ABE6-C95EF8A5BBC5}.Release|x64.ActiveCfg = Release|Any CPU
		{25741D6F-87B3-449A-ABE6-C95EF8A5BBC5}.Release|x64.Build.0 = Release|Any CPU
		{25741D6F-87B3-449A-ABE6-C95EF8A5BBC5}.Release|x86.ActiveCfg = Release|Any CPU
		{25741D6F-87B3-449A-ABE6-C95EF8A5BBC5}.Release|x86.Build.0 = Release|Any CPU
		{14347FD5-65FD-4CB2-9A42-EEE468781EA5}.Debug|Any CPU.ActiveCfg = Debug|Any CPU
		{14347FD5-65FD-4CB2-9A42-EEE468781EA5}.Debug|Any CPU.Build.0 = Debug|Any CPU
		{14347FD5-65FD-4CB2-9A42-EEE468781EA5}.Debug|x64.ActiveCfg = Debug|Any CPU
		{14347FD5-65FD-4CB2-9A42-EEE468781EA5}.Debug|x64.Build.0 = Debug|Any CPU
		{14347FD5-65FD-4CB2-9A42-EEE468781EA5}.Debug|x86.ActiveCfg = Debug|Any CPU
		{14347FD5-65FD-4CB2-9A42-EEE468781EA5}.Debug|x86.Build.0 = Debug|Any CPU
		{14347FD5-65FD-4CB2-9A42-EEE468781EA5}.Release|Any CPU.ActiveCfg = Release|Any CPU
		{14347FD5-65FD-4CB2-9A42-EEE468781EA5}.Release|Any CPU.Build.0 = Release|Any CPU
		{14347FD5-65FD-4CB2-9A42-EEE468781EA5}.Release|x64.ActiveCfg = Release|Any CPU
		{14347FD5-65FD-4CB2-9A42-EEE468781EA5}.Release|x64.Build.0 = Release|Any CPU
		{14347FD5-65FD-4CB2-9A42-EEE468781EA5}.Release|x86.ActiveCfg = Release|Any CPU
		{14347FD5-65FD-4CB2-9A42-EEE468781EA5}.Release|x86.Build.0 = Release|Any CPU
	EndGlobalSection
EndGlobal
